# This file was autogenerated by Stack.
# You should not edit this file by hand.
# For more information, please see the documentation at:
#   https://docs.haskellstack.org/en/stable/lock_files

packages:
- completed:
    hackage: generic-monoid-0.1.0.0@sha256:372875d12742b97befaacbd08a35c2e73cc3821a3b7a09ec1b17a079d0b24ff7,856
    pantry-tree:
      sha256: 97b556af7f3209f1da5099f50727008d771b72ac0b64b4a640c20f1621eb669b
      size: 393
  original:
    hackage: generic-monoid-0.1.0.0@sha256:372875d12742b97befaacbd08a35c2e73cc3821a3b7a09ec1b17a079d0b24ff7,856
- completed:
    hackage: guid-0.1.0@sha256:a7c975be473f6f142d5cc1b39bc807a99043d20b1bb0873fdfe7a3ce84d2faf1,1078
    pantry-tree:
      sha256: a33838b7b1c54f6ac3e1b436b25674948713a4189658e4d82e639b9a689bc90d
      size: 364
  original:
    hackage: guid-0.1.0@sha256:a7c975be473f6f142d5cc1b39bc807a99043d20b1bb0873fdfe7a3ce84d2faf1,1078
- completed:
    hackage: strings-1.1@sha256:0285dec4c8ab262359342b3e5ef1eb567074669461b9b38404f1cb870c881c5c,1617
    pantry-tree:
      sha256: 876e5a679244143e2a7e74357427c7522a8d61f68a4cc3ae265fe4960b75a2e2
      size: 212
  original:
    hackage: strings-1.1@sha256:0285dec4c8ab262359342b3e5ef1eb567074669461b9b38404f1cb870c881c5c,1617
- completed:
    hackage: aeson-pretty-0.7.2@sha256:80f5ad0aa0445a86ac740d24d95e700b599d298f2faa16bd25a1036a0b352e79,2122
    pantry-tree:
      sha256: f955b85b49257b0e29fda8af1087da9629e4cc4033148b3b05b0cb5e2aff6b9b
      size: 337
  original:
    hackage: aeson-pretty-0.7.2@sha256:80f5ad0aa0445a86ac740d24d95e700b599d298f2faa16bd25a1036a0b352e79,2122
- completed:
    hackage: concatenative-1.0.1@sha256:1e6abf2bc6dfa7f36f1eff4aa6b648fb6eeab8d4c32402603bfbcdf3833f7281,788
    pantry-tree:
      sha256: ed20ef52bbdaad66dc312c42fc50d1a999945c9360aa36509c55221a6f972f98
      size: 222
  original:
    hackage: concatenative-1.0.1@sha256:1e6abf2bc6dfa7f36f1eff4aa6b648fb6eeab8d4c32402603bfbcdf3833f7281,788
- completed:
    hackage: indents-0.3.3@sha256:558527186be2c5cb6954bd96fe954b513302992f5e2846bdc64c9a41f4306c6e,2002
    pantry-tree:
      sha256: 2fde61a425dd107ab557adf34604f7b4c94c8946bf0e4dc21b5ddfde4479ab33
      size: 213
  original:
    hackage: indents-0.3.3@sha256:558527186be2c5cb6954bd96fe954b513302992f5e2846bdc64c9a41f4306c6e,2002
- completed:
    hackage: prelude-extras-0.4.0.3@sha256:1c10b0123ea13a6423d74a8fcbaeb2d5249b472588abde418a36b47b7c4f48c8,1163
    pantry-tree:
      sha256: a03f60a1250c9d0daaf208ba58ccf24e05e0807f2e3dc7892fad3f2f3a196f7f
      size: 476
  original:
    hackage: prelude-extras-0.4.0.3@sha256:1c10b0123ea13a6423d74a8fcbaeb2d5249b472588abde418a36b47b7c4f48c8,1163
- completed:
    hackage: sandi-0.5@sha256:b278d072ca717706ea38f9bd646e023f7f2576a778fb43565b434f93638849aa,3010
    pantry-tree:
      sha256: 5ca7ce4bc22ab9d4427bb149b5e283ab9db43375df14f7131fdfd48775f36350
      size: 3455
  original:
    hackage: sandi-0.5@sha256:b278d072ca717706ea38f9bd646e023f7f2576a778fb43565b434f93638849aa,3010
- completed:
    hackage: language-glsl-0.3.0@sha256:85c1e7bf2cf5d6e604b7a2899c27e2935033425944db200798e57849e64d4c81,1636
    pantry-tree:
      sha256: 64800d879b2d864171f72a7a717883540a0607d2d5ffb3be3378299fa80fdce5
      size: 582
  original:
    hackage: language-glsl-0.3.0@sha256:85c1e7bf2cf5d6e604b7a2899c27e2935033425944db200798e57849e64d4c81,1636
- completed:
    hackage: time-1.9.3@sha256:8f1b5448722a12a952248b356c9eb366e351226543d9086a2da71270522d5f45,5679
    pantry-tree:
      sha256: a1043c1719491764f0fa37a1fd70d9451080548a41632fee88d8e1b8db4942d6
      size: 6558
  original:
    hackage: time-1.9.3@sha256:8f1b5448722a12a952248b356c9eb366e351226543d9086a2da71270522d5f45,5679
- completed:
    hackage: directory-1.3.6.0@sha256:d3d89c752f99e78f3e1d11c74696d2ba78b199f47c89e92934003deb84cb3ff9,2810
    pantry-tree:
      sha256: 54ddcb94f07eab9c6070497d8cbc565fc7e9f159ac596581c2e959e7460c1e41
      size: 3433
  original:
    hackage: directory-1.3.6.0@sha256:d3d89c752f99e78f3e1d11c74696d2ba78b199f47c89e92934003deb84cb3ff9,2810
- completed:
    hackage: process-1.6.7.0@sha256:305bcf44c42a96425e77af1748183f505a701648f68cc299d5ad8ac1b866a6a1,2468
    pantry-tree:
      sha256: 49c3e531d2473fe455c1cde655f074a320fa4ec8569d650262bf382f9c5796fb
      size: 1211
  original:
    hackage: process-1.6.7.0@sha256:305bcf44c42a96425e77af1748183f505a701648f68cc299d5ad8ac1b866a6a1,2468
- completed:
    hackage: unix-2.7.2.2@sha256:e69269a17b9fa26cb77f3f55e86c39d0a4940ccfa0c4bc20826919d2572076ad,3496
    pantry-tree:
      sha256: c355f7924ce67e5bf8f20767462af18f09b8c0d1f7161117221cbb94c15deee3
      size: 3536
  original:
    hackage: unix-2.7.2.2@sha256:e69269a17b9fa26cb77f3f55e86c39d0a4940ccfa0c4bc20826919d2572076ad,3496
- completed:
    hackage: network-2.6.3.6@sha256:1ca79d81af02d7acd6032d5e6c9bde4618a8fdcfbe19bd42b49d420183975df0,2666
    pantry-tree:
      sha256: 56285baa11d679521837e1f41311a1aeafa522e7637d408d3decd99c083edba1
      size: 2254
  original:
    hackage: network-2.6.3.6@sha256:1ca79d81af02d7acd6032d5e6c9bde4618a8fdcfbe19bd42b49d420183975df0,2666
- completed:
    hackage: Cabal-3.6.3.0@sha256:ff97c442b0c679c1c9876acd15f73ac4f602b973c45bde42b43ec28265ee48f4,12459
    pantry-tree:
      sha256: b250a53bdb56844f047a2927833bb565b936a289abfa85dfc2a63148d776368a
      size: 19757
  original:
    hackage: Cabal-3.6.3.0@sha256:ff97c442b0c679c1c9876acd15f73ac4f602b973c45bde42b43ec28265ee48f4,12459
- completed:
    hackage: language-ecmascript-0.19.1.0@sha256:2cf08e581980e69fbac5f941c9f6493dc4c3527817c3d395f33f3ffb8ef98253,3833
    pantry-tree:
      sha256: 5144da4ce52ff5c5783ed6ab22781b588ea88c8bb1a58b9658cc113623565ad4
      size: 2454
  original:
    hackage: language-ecmascript-0.19.1.0@sha256:2cf08e581980e69fbac5f941c9f6493dc4c3527817c3d395f33f3ffb8ef98253,3833
- completed:
    hackage: parallel-io-0.3.5@sha256:97db32eb84b3141f4957f6d208c0ef8adce647cbf68099417e93c7d9a45f9b35,3482
    pantry-tree:
      sha256: 9c81a6a331620aca19c7f8cfb88df2a9584346820687d75147b2a7bab87e112b
      size: 706
  original:
    hackage: parallel-io-0.3.5@sha256:97db32eb84b3141f4957f6d208c0ef8adce647cbf68099417e93c7d9a45f9b35,3482
snapshots:
- completed:
    sha256: 428ec8d5ce932190d3cbe266b9eb3c175cd81e984babf876b64019e2cbe4ea68
    size: 590100
    url: https://raw.githubusercontent.com/commercialhaskell/stackage-snapshots/master/lts/18/28.yaml
  original: lts-18.28
